// !$*UTF8*$!
{
	archiveVersion = 1;
	classes = {
	};
	objectVersion = 54;
	objects = {

/* Begin PBXBuildFile section */
		00E356F31AD99517003FC87E /* ChillBreatheTests.m in Sources */ = {isa = PBXBuildFile; fileRef = 00E356F21AD99517003FC87E /* ChillBreatheTests.m */; };
		06F08E9EBECF469289AD65ED /* Poppins-Italic.ttf in Resources */ = {isa = PBXBuildFile; fileRef = 14FC8A2CEB3748288590F648 /* Poppins-Italic.ttf */; };
		0AB8EE89C9734449A0E850A4 /* SF-Pro-Rounded-Bold.otf in Resources */ = {isa = PBXBuildFile; fileRef = 0C1D4CF53E354A5F82CF6136 /* SF-Pro-Rounded-Bold.otf */; };
		13B07FBC1A68108700A75B9A /* AppDelegate.m in Sources */ = {isa = PBXBuildFile; fileRef = 13B07FB01A68108700A75B9A /* AppDelegate.m */; };
		13B07FBF1A68108700A75B9A /* Images.xcassets in Resources */ = {isa = PBXBuildFile; fileRef = 13B07FB51A68108700A75B9A /* Images.xcassets */; };
		13B07FC11A68108700A75B9A /* main.m in Sources */ = {isa = PBXBuildFile; fileRef = 13B07FB71A68108700A75B9A /* main.m */; };
		16903D7751D542C089974B4F /* Inter-black.ttf in Resources */ = {isa = PBXBuildFile; fileRef = 97EB98DBA61C4658B02211FF /* Inter-black.ttf */; };
		16E5C8E496FD4F2A9F5EA26B /* Poppins-SemiBoldItalic.ttf in Resources */ = {isa = PBXBuildFile; fileRef = 4D9C1F238FDC4620BF2D7001 /* Poppins-SemiBoldItalic.ttf */; };
		31B85C44324C4D5ABD50634C /* Inter-regular.ttf in Resources */ = {isa = PBXBuildFile; fileRef = 7AF49EFF5FB4441EAF084D8B /* Inter-regular.ttf */; };
		328EE554402B4FC78509D55F /* Inter-bold.ttf in Resources */ = {isa = PBXBuildFile; fileRef = E1079C2BC0414B358A932379 /* Inter-bold.ttf */; };
		3AAB94C04E564AF9B6951584 /* Inter-extralight.ttf in Resources */ = {isa = PBXBuildFile; fileRef = 2084D5B98BAC47D6A3E96135 /* Inter-extralight.ttf */; };
		49292D04B9B0439DA9E5273D /* Inter-Regular.ttf in Resources */ = {isa = PBXBuildFile; fileRef = 6384A8EFFE3942D38D3E1B6B /* Inter-Regular.ttf */; };
		52A8036A064C4B97ABD5DEE7 /* Poppins-Medium.ttf in Resources */ = {isa = PBXBuildFile; fileRef = 30A15A9DD6BD43B98AD4DCDD /* Poppins-Medium.ttf */; };
		52D82A7CF0DF4E5A94FB4C45 /* Inter-Light.ttf in Resources */ = {isa = PBXBuildFile; fileRef = 992350D35D514C1195C5CE7E /* Inter-Light.ttf */; };
		54FD34E31F4847E6BE6785EE /* SF-Pro-Rounded-Heavy.otf in Resources */ = {isa = PBXBuildFile; fileRef = DFB7A7AE1FA747479D051F53 /* SF-Pro-Rounded-Heavy.otf */; };
		5B8DB17904684FF898A50C1B /* SFMono-Medium.otf in Resources */ = {isa = PBXBuildFile; fileRef = E48EF8EEB48C486FBF6FDA77 /* SFMono-Medium.otf */; };
		5B93C094E04A43B69710AF8D /* Inter-SemiBold.ttf in Resources */ = {isa = PBXBuildFile; fileRef = 44C51F0613924E309161CD5C /* Inter-SemiBold.ttf */; };
		5CECE263680849E5BA472554 /* SF-Pro-Rounded-Semibold.otf in Resources */ = {isa = PBXBuildFile; fileRef = A14398A4FCCF494D8232551D /* SF-Pro-Rounded-Semibold.otf */; };
		5FE1A54C435C4CF28B8B6CFE /* Inter-Medium.ttf in Resources */ = {isa = PBXBuildFile; fileRef = 09E2267232F84673934B7B3C /* Inter-Medium.ttf */; };
		61208832E9A54FB78046FDD7 /* Poppins-Bold.ttf in Resources */ = {isa = PBXBuildFile; fileRef = 2CEDB664EE1D43A08D0837B8 /* Poppins-Bold.ttf */; };
		6172F2D35A4C3AA820D92908 /* libPods-ChillBreathe.a in Frameworks */ = {isa = PBXBuildFile; fileRef = 6423831EA8574132BED9D8CC /* libPods-ChillBreathe.a */; };
		627D70ACF360446B863172F6 /* Poppins-SemiBold.ttf in Resources */ = {isa = PBXBuildFile; fileRef = 411528221B0F47AB936E5C52 /* Poppins-SemiBold.ttf */; };
		6B74ACE896E444C98A5A460A /* Poppins-Light.ttf in Resources */ = {isa = PBXBuildFile; fileRef = 0EE78DC66BFB42AF95FBBA26 /* Poppins-Light.ttf */; };
		7643F104273A638F0059CC9A /* HomeKit.framework in Frameworks */ = {isa = PBXBuildFile; fileRef = 7643F103273A638F0059CC9A /* HomeKit.framework */; };
		7643F106273AF4F20059CC9A /* HealthKit.framework in Frameworks */ = {isa = PBXBuildFile; fileRef = 7643F105273AF4F20059CC9A /* HealthKit.framework */; };
		768917ED270F5060008E7A17 /* BootSplash.storyboard in Resources */ = {isa = PBXBuildFile; fileRef = 768917EC270F505F008E7A17 /* BootSplash.storyboard */; };
		770CE1F861DE4749BF8AAB69 /* Inter-ExtraBold.ttf in Resources */ = {isa = PBXBuildFile; fileRef = 47C23F21F4F04684B408E394 /* Inter-ExtraBold.ttf */; };
		7BEBD76193454C1B98B46E4E /* Inter-Thin.ttf in Resources */ = {isa = PBXBuildFile; fileRef = F06AECDCDB31474AA00EF250 /* Inter-Thin.ttf */; };
		7EF68E3733C33B6898317E18 /* libPods-ChillBreathe-ChillBreatheTests.a in Frameworks */ = {isa = PBXBuildFile; fileRef = ABFE59519B596E51CEFDCCC0 /* libPods-ChillBreathe-ChillBreatheTests.a */; };
		7FDFA49FFBD54A979056CB6D /* Poppins-ThinItalic.ttf in Resources */ = {isa = PBXBuildFile; fileRef = 620D5BC081194CEBAA17416D /* Poppins-ThinItalic.ttf */; };
		81AB9BB82411601600AC10FF /* LaunchScreen.storyboard in Resources */ = {isa = PBXBuildFile; fileRef = 81AB9BB72411601600AC10FF /* LaunchScreen.storyboard */; };
		8E4F5321655948DF926DC13F /* SF-Pro-Rounded-Regular.otf in Resources */ = {isa = PBXBuildFile; fileRef = A5B11F7E16514007A9C4173A /* SF-Pro-Rounded-Regular.otf */; };
		92001E3F7A7D4C9CB6D2D91E /* Inter-medium.ttf in Resources */ = {isa = PBXBuildFile; fileRef = 1AACDC8E036C4CB0B650AE34 /* Inter-medium.ttf */; };
		A102755DE9FE4B8894B8C530 /* SF-Pro-Rounded-Medium.otf in Resources */ = {isa = PBXBuildFile; fileRef = 3CEBFE568DCB4A75BCAED1E3 /* SF-Pro-Rounded-Medium.otf */; };
		A2C6B53BB2FD491A9927C254 /* Poppins-BlackItalic.ttf in Resources */ = {isa = PBXBuildFile; fileRef = 85C477021CF440FFA37C5222 /* Poppins-BlackItalic.ttf */; };
		B0C8C992E9E44F2D9F3A5F07 /* Inter-extrabold.ttf in Resources */ = {isa = PBXBuildFile; fileRef = 63FD646D71624DD0A22175ED /* Inter-extrabold.ttf */; };
		B64E214FD3E04C1596A23E95 /* Inter-Bold.ttf in Resources */ = {isa = PBXBuildFile; fileRef = F1976AD869A74C91B862F09A /* Inter-Bold.ttf */; };
		B688278862C64721A548D242 /* Inter-semibold.ttf in Resources */ = {isa = PBXBuildFile; fileRef = 349E5ED8F6F14E7CA7680F61 /* Inter-semibold.ttf */; };
		B7B8105DB00B42CE8E8DDB79 /* Inter-thin.ttf in Resources */ = {isa = PBXBuildFile; fileRef = 33FE692E93464846AE105B5A /* Inter-thin.ttf */; };
		BACFA7CDF58A4296834E6935 /* Inter-light.ttf in Resources */ = {isa = PBXBuildFile; fileRef = DB930EA71D7842F2A767396B /* Inter-light.ttf */; };
		CF1FB777D0A1444F934D1C33 /* Inter-ExtraLight.ttf in Resources */ = {isa = PBXBuildFile; fileRef = FB54AA22E2C24A80AEDA370A /* Inter-ExtraLight.ttf */; };
		D146A29058DC45FBB338F7BD /* Poppins-Black.ttf in Resources */ = {isa = PBXBuildFile; fileRef = 305A493786894F948A2708AF /* Poppins-Black.ttf */; };
		D1ED1626DE2748AD8B27B416 /* Poppins-ExtraLight.ttf in Resources */ = {isa = PBXBuildFile; fileRef = 0FA8E24803604DE399FBEE72 /* Poppins-ExtraLight.ttf */; };
		D72F6BBB9AE8430A9DB59AD4 /* SFMono-Regular.otf in Resources */ = {isa = PBXBuildFile; fileRef = 7B360FB04CD64B2EB02540CE /* SFMono-Regular.otf */; };
		D9EFFAC1A69A4D5DAB0E821E /* Poppins-ExtraBoldItalic.ttf in Resources */ = {isa = PBXBuildFile; fileRef = DFB5B0BFF382447C8AD7C493 /* Poppins-ExtraBoldItalic.ttf */; };
		DD2FA8FE48A64C50A159837A /* Poppins-MediumItalic.ttf in Resources */ = {isa = PBXBuildFile; fileRef = F95D4390A6C3441C99570E2D /* Poppins-MediumItalic.ttf */; };
		DD892DAC7CFC4E849EA31EEF /* Inter-Black.ttf in Resources */ = {isa = PBXBuildFile; fileRef = 2A79E54FA06044518E741E71 /* Inter-Black.ttf */; };
		DE8D366622FF4FF288A78AC6 /* Poppins-Thin.ttf in Resources */ = {isa = PBXBuildFile; fileRef = B651270CF7DE42A394D9108A /* Poppins-Thin.ttf */; };
		E76DBD8249A54496ABD836AA /* Poppins-ExtraLightItalic.ttf in Resources */ = {isa = PBXBuildFile; fileRef = 81C303BA0B5C45878A4DC1BF /* Poppins-ExtraLightItalic.ttf */; };
		EC9A4B6F75E74FC483F73B10 /* Poppins-Regular.ttf in Resources */ = {isa = PBXBuildFile; fileRef = 4EDA1DD3A7B14FDB9A25541B /* Poppins-Regular.ttf */; };
		F80735CCD3864AD9AEAF308F /* Poppins-LightItalic.ttf in Resources */ = {isa = PBXBuildFile; fileRef = F573580982C44D1198EA2768 /* Poppins-LightItalic.ttf */; };
		F889EAD586B541788097BD01 /* Poppins-ExtraBold.ttf in Resources */ = {isa = PBXBuildFile; fileRef = E3557898239D46ABAF923599 /* Poppins-ExtraBold.ttf */; };
		FE313DD892A740EBB17B4061 /* Poppins-BoldItalic.ttf in Resources */ = {isa = PBXBuildFile; fileRef = FDA47798C94848F799D62680 /* Poppins-BoldItalic.ttf */; };
/* End PBXBuildFile section */

/* Begin PBXContainerItemProxy section */
		00E356F41AD99517003FC87E /* PBXContainerItemProxy */ = {
			isa = PBXContainerItemProxy;
			containerPortal = 83CBB9F71A601CBA00E9B192 /* Project object */;
			proxyType = 1;
			remoteGlobalIDString = 13B07F861A680F5B00A75B9A;
			remoteInfo = ChillBreathe;
		};
/* End PBXContainerItemProxy section */

/* Begin PBXFileReference section */
		00E356EE1AD99517003FC87E /* ChillBreatheTests.xctest */ = {isa = PBXFileReference; explicitFileType = wrapper.cfbundle; includeInIndex = 0; path = ChillBreatheTests.xctest; sourceTree = BUILT_PRODUCTS_DIR; };
		00E356F11AD99517003FC87E /* Info.plist */ = {isa = PBXFileReference; lastKnownFileType = text.plist.xml; path = Info.plist; sourceTree = "<group>"; };
		00E356F21AD99517003FC87E /* ChillBreatheTests.m */ = {isa = PBXFileReference; lastKnownFileType = sourcecode.c.objc; path = ChillBreatheTests.m; sourceTree = "<group>"; };
		09E2267232F84673934B7B3C /* Inter-Medium.ttf */ = {isa = PBXFileReference; explicitFileType = undefined; fileEncoding = undefined; includeInIndex = 0; lastKnownFileType = unknown; name = "Inter-Medium.ttf"; path = "../src/assets/fonts/Inter-Medium.ttf"; sourceTree = "<group>"; };
		0C1D4CF53E354A5F82CF6136 /* SF-Pro-Rounded-Bold.otf */ = {isa = PBXFileReference; explicitFileType = undefined; fileEncoding = undefined; includeInIndex = 0; lastKnownFileType = unknown; name = "SF-Pro-Rounded-Bold.otf"; path = "../src/assets/fonts/SF-Pro-Rounded-Bold.otf"; sourceTree = "<group>"; };
		0EE78DC66BFB42AF95FBBA26 /* Poppins-Light.ttf */ = {isa = PBXFileReference; explicitFileType = undefined; fileEncoding = undefined; includeInIndex = 0; lastKnownFileType = unknown; name = "Poppins-Light.ttf"; path = "../src/assets/fonts/Poppins-Light.ttf"; sourceTree = "<group>"; };
		0FA8E24803604DE399FBEE72 /* Poppins-ExtraLight.ttf */ = {isa = PBXFileReference; explicitFileType = undefined; fileEncoding = undefined; includeInIndex = 0; lastKnownFileType = unknown; name = "Poppins-ExtraLight.ttf"; path = "../src/assets/fonts/Poppins-ExtraLight.ttf"; sourceTree = "<group>"; };
		13B07F961A680F5B00A75B9A /* ChillBreathe.app */ = {isa = PBXFileReference; explicitFileType = wrapper.application; includeInIndex = 0; path = ChillBreathe.app; sourceTree = BUILT_PRODUCTS_DIR; };
		13B07FAF1A68108700A75B9A /* AppDelegate.h */ = {isa = PBXFileReference; fileEncoding = 4; lastKnownFileType = sourcecode.c.h; name = AppDelegate.h; path = ChillBreathe/AppDelegate.h; sourceTree = "<group>"; };
		13B07FB01A68108700A75B9A /* AppDelegate.m */ = {isa = PBXFileReference; fileEncoding = 4; lastKnownFileType = sourcecode.c.objc; name = AppDelegate.m; path = ChillBreathe/AppDelegate.m; sourceTree = "<group>"; };
		13B07FB51A68108700A75B9A /* Images.xcassets */ = {isa = PBXFileReference; lastKnownFileType = folder.assetcatalog; name = Images.xcassets; path = ChillBreathe/Images.xcassets; sourceTree = "<group>"; };
		13B07FB61A68108700A75B9A /* Info.plist */ = {isa = PBXFileReference; fileEncoding = 4; lastKnownFileType = text.plist.xml; name = Info.plist; path = ChillBreathe/Info.plist; sourceTree = "<group>"; };
		13B07FB71A68108700A75B9A /* main.m */ = {isa = PBXFileReference; fileEncoding = 4; lastKnownFileType = sourcecode.c.objc; name = main.m; path = ChillBreathe/main.m; sourceTree = "<group>"; };
		14FC8A2CEB3748288590F648 /* Poppins-Italic.ttf */ = {isa = PBXFileReference; explicitFileType = undefined; fileEncoding = undefined; includeInIndex = 0; lastKnownFileType = unknown; name = "Poppins-Italic.ttf"; path = "../src/assets/fonts/Poppins-Italic.ttf"; sourceTree = "<group>"; };
		1AACDC8E036C4CB0B650AE34 /* Inter-medium.ttf */ = {isa = PBXFileReference; explicitFileType = undefined; fileEncoding = undefined; includeInIndex = 0; lastKnownFileType = unknown; name = "Inter-medium.ttf"; path = "../src/assets/fonts/Inter-medium.ttf"; sourceTree = "<group>"; };
		1D0AE47A65C8663E3B452821 /* Pods-ChillBreathe-ChillBreatheTests.release.xcconfig */ = {isa = PBXFileReference; includeInIndex = 1; lastKnownFileType = text.xcconfig; name = "Pods-ChillBreathe-ChillBreatheTests.release.xcconfig"; path = "Target Support Files/Pods-ChillBreathe-ChillBreatheTests/Pods-ChillBreathe-ChillBreatheTests.release.xcconfig"; sourceTree = "<group>"; };
		2084D5B98BAC47D6A3E96135 /* Inter-extralight.ttf */ = {isa = PBXFileReference; explicitFileType = undefined; fileEncoding = undefined; includeInIndex = 0; lastKnownFileType = unknown; name = "Inter-extralight.ttf"; path = "../src/assets/fonts/Inter-extralight.ttf"; sourceTree = "<group>"; };
		2A79E54FA06044518E741E71 /* Inter-Black.ttf */ = {isa = PBXFileReference; explicitFileType = undefined; fileEncoding = undefined; includeInIndex = 0; lastKnownFileType = unknown; name = "Inter-Black.ttf"; path = "../src/assets/fonts/Inter-Black.ttf"; sourceTree = "<group>"; };
		2CEDB664EE1D43A08D0837B8 /* Poppins-Bold.ttf */ = {isa = PBXFileReference; explicitFileType = undefined; fileEncoding = undefined; includeInIndex = 0; lastKnownFileType = unknown; name = "Poppins-Bold.ttf"; path = "../src/assets/fonts/Poppins-Bold.ttf"; sourceTree = "<group>"; };
		305A493786894F948A2708AF /* Poppins-Black.ttf */ = {isa = PBXFileReference; explicitFileType = undefined; fileEncoding = undefined; includeInIndex = 0; lastKnownFileType = unknown; name = "Poppins-Black.ttf"; path = "../src/assets/fonts/Poppins-Black.ttf"; sourceTree = "<group>"; };
		30A15A9DD6BD43B98AD4DCDD /* Poppins-Medium.ttf */ = {isa = PBXFileReference; explicitFileType = undefined; fileEncoding = undefined; includeInIndex = 0; lastKnownFileType = unknown; name = "Poppins-Medium.ttf"; path = "../src/assets/fonts/Poppins-Medium.ttf"; sourceTree = "<group>"; };
		33FE692E93464846AE105B5A /* Inter-thin.ttf */ = {isa = PBXFileReference; explicitFileType = undefined; fileEncoding = undefined; includeInIndex = 0; lastKnownFileType = unknown; name = "Inter-thin.ttf"; path = "../src/assets/fonts/Inter-thin.ttf"; sourceTree = "<group>"; };
		349E5ED8F6F14E7CA7680F61 /* Inter-semibold.ttf */ = {isa = PBXFileReference; explicitFileType = undefined; fileEncoding = undefined; includeInIndex = 0; lastKnownFileType = unknown; name = "Inter-semibold.ttf"; path = "../src/assets/fonts/Inter-semibold.ttf"; sourceTree = "<group>"; };
		3CEBFE568DCB4A75BCAED1E3 /* SF-Pro-Rounded-Medium.otf */ = {isa = PBXFileReference; explicitFileType = undefined; fileEncoding = undefined; includeInIndex = 0; lastKnownFileType = unknown; name = "SF-Pro-Rounded-Medium.otf"; path = "../src/assets/fonts/SF-Pro-Rounded-Medium.otf"; sourceTree = "<group>"; };
		411528221B0F47AB936E5C52 /* Poppins-SemiBold.ttf */ = {isa = PBXFileReference; explicitFileType = undefined; fileEncoding = undefined; includeInIndex = 0; lastKnownFileType = unknown; name = "Poppins-SemiBold.ttf"; path = "../src/assets/fonts/Poppins-SemiBold.ttf"; sourceTree = "<group>"; };
		44C51F0613924E309161CD5C /* Inter-SemiBold.ttf */ = {isa = PBXFileReference; explicitFileType = undefined; fileEncoding = undefined; includeInIndex = 0; lastKnownFileType = unknown; name = "Inter-SemiBold.ttf"; path = "../src/assets/fonts/Inter-SemiBold.ttf"; sourceTree = "<group>"; };
		47C23F21F4F04684B408E394 /* Inter-ExtraBold.ttf */ = {isa = PBXFileReference; explicitFileType = undefined; fileEncoding = undefined; includeInIndex = 0; lastKnownFileType = unknown; name = "Inter-ExtraBold.ttf"; path = "../src/assets/fonts/Inter-ExtraBold.ttf"; sourceTree = "<group>"; };
		4D9C1F238FDC4620BF2D7001 /* Poppins-SemiBoldItalic.ttf */ = {isa = PBXFileReference; explicitFileType = undefined; fileEncoding = undefined; includeInIndex = 0; lastKnownFileType = unknown; name = "Poppins-SemiBoldItalic.ttf"; path = "../src/assets/fonts/Poppins-SemiBoldItalic.ttf"; sourceTree = "<group>"; };
		4EDA1DD3A7B14FDB9A25541B /* Poppins-Regular.ttf */ = {isa = PBXFileReference; explicitFileType = undefined; fileEncoding = undefined; includeInIndex = 0; lastKnownFileType = unknown; name = "Poppins-Regular.ttf"; path = "../src/assets/fonts/Poppins-Regular.ttf"; sourceTree = "<group>"; };
		620D5BC081194CEBAA17416D /* Poppins-ThinItalic.ttf */ = {isa = PBXFileReference; explicitFileType = undefined; fileEncoding = undefined; includeInIndex = 0; lastKnownFileType = unknown; name = "Poppins-ThinItalic.ttf"; path = "../src/assets/fonts/Poppins-ThinItalic.ttf"; sourceTree = "<group>"; };
		6384A8EFFE3942D38D3E1B6B /* Inter-Regular.ttf */ = {isa = PBXFileReference; explicitFileType = undefined; fileEncoding = undefined; includeInIndex = 0; lastKnownFileType = unknown; name = "Inter-Regular.ttf"; path = "../src/assets/fonts/Inter-Regular.ttf"; sourceTree = "<group>"; };
		63FD646D71624DD0A22175ED /* Inter-extrabold.ttf */ = {isa = PBXFileReference; explicitFileType = undefined; fileEncoding = undefined; includeInIndex = 0; lastKnownFileType = unknown; name = "Inter-extrabold.ttf"; path = "../src/assets/fonts/Inter-extrabold.ttf"; sourceTree = "<group>"; };
		6423831EA8574132BED9D8CC /* libPods-ChillBreathe.a */ = {isa = PBXFileReference; explicitFileType = archive.ar; includeInIndex = 0; path = "libPods-ChillBreathe.a"; sourceTree = BUILT_PRODUCTS_DIR; };
		6C97AB639B58BBB4B15BBE30 /* Pods-ChillBreathe-ChillBreatheTests.debug.xcconfig */ = {isa = PBXFileReference; includeInIndex = 1; lastKnownFileType = text.xcconfig; name = "Pods-ChillBreathe-ChillBreatheTests.debug.xcconfig"; path = "Target Support Files/Pods-ChillBreathe-ChillBreatheTests/Pods-ChillBreathe-ChillBreatheTests.debug.xcconfig"; sourceTree = "<group>"; };
		7643F102273A638E0059CC9A /* ChillBreathe.entitlements */ = {isa = PBXFileReference; lastKnownFileType = text.plist.entitlements; name = ChillBreathe.entitlements; path = ChillBreathe/ChillBreathe.entitlements; sourceTree = "<group>"; };
		7643F103273A638F0059CC9A /* HomeKit.framework */ = {isa = PBXFileReference; lastKnownFileType = wrapper.framework; name = HomeKit.framework; path = System/Library/Frameworks/HomeKit.framework; sourceTree = SDKROOT; };
		7643F105273AF4F20059CC9A /* HealthKit.framework */ = {isa = PBXFileReference; lastKnownFileType = wrapper.framework; name = HealthKit.framework; path = System/Library/Frameworks/HealthKit.framework; sourceTree = SDKROOT; };
		768917EC270F505F008E7A17 /* BootSplash.storyboard */ = {isa = PBXFileReference; fileEncoding = 4; lastKnownFileType = file.storyboard; name = BootSplash.storyboard; path = ChillBreathe/BootSplash.storyboard; sourceTree = "<group>"; };
		7AF49EFF5FB4441EAF084D8B /* Inter-regular.ttf */ = {isa = PBXFileReference; explicitFileType = undefined; fileEncoding = undefined; includeInIndex = 0; lastKnownFileType = unknown; name = "Inter-regular.ttf"; path = "../src/assets/fonts/Inter-regular.ttf"; sourceTree = "<group>"; };
		7B360FB04CD64B2EB02540CE /* SFMono-Regular.otf */ = {isa = PBXFileReference; explicitFileType = undefined; fileEncoding = undefined; includeInIndex = 0; lastKnownFileType = unknown; name = "SFMono-Regular.otf"; path = "../src/assets/fonts/SFMono-Regular.otf"; sourceTree = "<group>"; };
		81AB9BB72411601600AC10FF /* LaunchScreen.storyboard */ = {isa = PBXFileReference; fileEncoding = 4; lastKnownFileType = file.storyboard; name = LaunchScreen.storyboard; path = ChillBreathe/LaunchScreen.storyboard; sourceTree = "<group>"; };
		81C303BA0B5C45878A4DC1BF /* Poppins-ExtraLightItalic.ttf */ = {isa = PBXFileReference; explicitFileType = undefined; fileEncoding = undefined; includeInIndex = 0; lastKnownFileType = unknown; name = "Poppins-ExtraLightItalic.ttf"; path = "../src/assets/fonts/Poppins-ExtraLightItalic.ttf"; sourceTree = "<group>"; };
		85C477021CF440FFA37C5222 /* Poppins-BlackItalic.ttf */ = {isa = PBXFileReference; explicitFileType = undefined; fileEncoding = undefined; includeInIndex = 0; lastKnownFileType = unknown; name = "Poppins-BlackItalic.ttf"; path = "../src/assets/fonts/Poppins-BlackItalic.ttf"; sourceTree = "<group>"; };
		97EB98DBA61C4658B02211FF /* Inter-black.ttf */ = {isa = PBXFileReference; explicitFileType = undefined; fileEncoding = undefined; includeInIndex = 0; lastKnownFileType = unknown; name = "Inter-black.ttf"; path = "../src/assets/fonts/Inter-black.ttf"; sourceTree = "<group>"; };
		992350D35D514C1195C5CE7E /* Inter-Light.ttf */ = {isa = PBXFileReference; explicitFileType = undefined; fileEncoding = undefined; includeInIndex = 0; lastKnownFileType = unknown; name = "Inter-Light.ttf"; path = "../src/assets/fonts/Inter-Light.ttf"; sourceTree = "<group>"; };
		A14398A4FCCF494D8232551D /* SF-Pro-Rounded-Semibold.otf */ = {isa = PBXFileReference; explicitFileType = undefined; fileEncoding = undefined; includeInIndex = 0; lastKnownFileType = unknown; name = "SF-Pro-Rounded-Semibold.otf"; path = "../src/assets/fonts/SF-Pro-Rounded-Semibold.otf"; sourceTree = "<group>"; };
		A5B11F7E16514007A9C4173A /* SF-Pro-Rounded-Regular.otf */ = {isa = PBXFileReference; explicitFileType = undefined; fileEncoding = undefined; includeInIndex = 0; lastKnownFileType = unknown; name = "SF-Pro-Rounded-Regular.otf"; path = "../src/assets/fonts/SF-Pro-Rounded-Regular.otf"; sourceTree = "<group>"; };
		ABFE59519B596E51CEFDCCC0 /* libPods-ChillBreathe-ChillBreatheTests.a */ = {isa = PBXFileReference; explicitFileType = archive.ar; includeInIndex = 0; path = "libPods-ChillBreathe-ChillBreatheTests.a"; sourceTree = BUILT_PRODUCTS_DIR; };
		B651270CF7DE42A394D9108A /* Poppins-Thin.ttf */ = {isa = PBXFileReference; explicitFileType = undefined; fileEncoding = undefined; includeInIndex = 0; lastKnownFileType = unknown; name = "Poppins-Thin.ttf"; path = "../src/assets/fonts/Poppins-Thin.ttf"; sourceTree = "<group>"; };
		C0A881CF5CF3F2B244570E2A /* Pods-ChillBreathe.debug.xcconfig */ = {isa = PBXFileReference; includeInIndex = 1; lastKnownFileType = text.xcconfig; name = "Pods-ChillBreathe.debug.xcconfig"; path = "Target Support Files/Pods-ChillBreathe/Pods-ChillBreathe.debug.xcconfig"; sourceTree = "<group>"; };
		D00AAFFCFCFDA5787532823F /* Pods-ChillBreathe.release.xcconfig */ = {isa = PBXFileReference; includeInIndex = 1; lastKnownFileType = text.xcconfig; name = "Pods-ChillBreathe.release.xcconfig"; path = "Target Support Files/Pods-ChillBreathe/Pods-ChillBreathe.release.xcconfig"; sourceTree = "<group>"; };
		DB930EA71D7842F2A767396B /* Inter-light.ttf */ = {isa = PBXFileReference; explicitFileType = undefined; fileEncoding = undefined; includeInIndex = 0; lastKnownFileType = unknown; name = "Inter-light.ttf"; path = "../src/assets/fonts/Inter-light.ttf"; sourceTree = "<group>"; };
		DFB5B0BFF382447C8AD7C493 /* Poppins-ExtraBoldItalic.ttf */ = {isa = PBXFileReference; explicitFileType = undefined; fileEncoding = undefined; includeInIndex = 0; lastKnownFileType = unknown; name = "Poppins-ExtraBoldItalic.ttf"; path = "../src/assets/fonts/Poppins-ExtraBoldItalic.ttf"; sourceTree = "<group>"; };
		DFB7A7AE1FA747479D051F53 /* SF-Pro-Rounded-Heavy.otf */ = {isa = PBXFileReference; explicitFileType = undefined; fileEncoding = undefined; includeInIndex = 0; lastKnownFileType = unknown; name = "SF-Pro-Rounded-Heavy.otf"; path = "../src/assets/fonts/SF-Pro-Rounded-Heavy.otf"; sourceTree = "<group>"; };
		E1079C2BC0414B358A932379 /* Inter-bold.ttf */ = {isa = PBXFileReference; explicitFileType = undefined; fileEncoding = undefined; includeInIndex = 0; lastKnownFileType = unknown; name = "Inter-bold.ttf"; path = "../src/assets/fonts/Inter-bold.ttf"; sourceTree = "<group>"; };
		E3557898239D46ABAF923599 /* Poppins-ExtraBold.ttf */ = {isa = PBXFileReference; explicitFileType = undefined; fileEncoding = undefined; includeInIndex = 0; lastKnownFileType = unknown; name = "Poppins-ExtraBold.ttf"; path = "../src/assets/fonts/Poppins-ExtraBold.ttf"; sourceTree = "<group>"; };
		E48EF8EEB48C486FBF6FDA77 /* SFMono-Medium.otf */ = {isa = PBXFileReference; explicitFileType = undefined; fileEncoding = undefined; includeInIndex = 0; lastKnownFileType = unknown; name = "SFMono-Medium.otf"; path = "../src/assets/fonts/SFMono-Medium.otf"; sourceTree = "<group>"; };
		ED297162215061F000B7C4FE /* JavaScriptCore.framework */ = {isa = PBXFileReference; lastKnownFileType = wrapper.framework; name = JavaScriptCore.framework; path = System/Library/Frameworks/JavaScriptCore.framework; sourceTree = SDKROOT; };
		F06AECDCDB31474AA00EF250 /* Inter-Thin.ttf */ = {isa = PBXFileReference; explicitFileType = undefined; fileEncoding = undefined; includeInIndex = 0; lastKnownFileType = unknown; name = "Inter-Thin.ttf"; path = "../src/assets/fonts/Inter-Thin.ttf"; sourceTree = "<group>"; };
		F1976AD869A74C91B862F09A /* Inter-Bold.ttf */ = {isa = PBXFileReference; explicitFileType = undefined; fileEncoding = undefined; includeInIndex = 0; lastKnownFileType = unknown; name = "Inter-Bold.ttf"; path = "../src/assets/fonts/Inter-Bold.ttf"; sourceTree = "<group>"; };
		F573580982C44D1198EA2768 /* Poppins-LightItalic.ttf */ = {isa = PBXFileReference; explicitFileType = undefined; fileEncoding = undefined; includeInIndex = 0; lastKnownFileType = unknown; name = "Poppins-LightItalic.ttf"; path = "../src/assets/fonts/Poppins-LightItalic.ttf"; sourceTree = "<group>"; };
		F95D4390A6C3441C99570E2D /* Poppins-MediumItalic.ttf */ = {isa = PBXFileReference; explicitFileType = undefined; fileEncoding = undefined; includeInIndex = 0; lastKnownFileType = unknown; name = "Poppins-MediumItalic.ttf"; path = "../src/assets/fonts/Poppins-MediumItalic.ttf"; sourceTree = "<group>"; };
		FB54AA22E2C24A80AEDA370A /* Inter-ExtraLight.ttf */ = {isa = PBXFileReference; explicitFileType = undefined; fileEncoding = undefined; includeInIndex = 0; lastKnownFileType = unknown; name = "Inter-ExtraLight.ttf"; path = "../src/assets/fonts/Inter-ExtraLight.ttf"; sourceTree = "<group>"; };
		FDA47798C94848F799D62680 /* Poppins-BoldItalic.ttf */ = {isa = PBXFileReference; explicitFileType = undefined; fileEncoding = undefined; includeInIndex = 0; lastKnownFileType = unknown; name = "Poppins-BoldItalic.ttf"; path = "../src/assets/fonts/Poppins-BoldItalic.ttf"; sourceTree = "<group>"; };
/* End PBXFileReference section */

/* Begin PBXFrameworksBuildPhase section */
		00E356EB1AD99517003FC87E /* Frameworks */ = {
			isa = PBXFrameworksBuildPhase;
			buildActionMask = 2147483647;
			files = (
				7EF68E3733C33B6898317E18 /* libPods-ChillBreathe-ChillBreatheTests.a in Frameworks */,
			);
			runOnlyForDeploymentPostprocessing = 0;
		};
		13B07F8C1A680F5B00A75B9A /* Frameworks */ = {
			isa = PBXFrameworksBuildPhase;
			buildActionMask = 2147483647;
			files = (
				7643F106273AF4F20059CC9A /* HealthKit.framework in Frameworks */,
				7643F104273A638F0059CC9A /* HomeKit.framework in Frameworks */,
				6172F2D35A4C3AA820D92908 /* libPods-ChillBreathe.a in Frameworks */,
			);
			runOnlyForDeploymentPostprocessing = 0;
		};
/* End PBXFrameworksBuildPhase section */

/* Begin PBXGroup section */
		00E356EF1AD99517003FC87E /* ChillBreatheTests */ = {
			isa = PBXGroup;
			children = (
				00E356F21AD99517003FC87E /* ChillBreatheTests.m */,
				00E356F01AD99517003FC87E /* Supporting Files */,
			);
			path = ChillBreatheTests;
			sourceTree = "<group>";
		};
		00E356F01AD99517003FC87E /* Supporting Files */ = {
			isa = PBXGroup;
			children = (
				00E356F11AD99517003FC87E /* Info.plist */,
			);
			name = "Supporting Files";
			sourceTree = "<group>";
		};
		13B07FAE1A68108700A75B9A /* ChillBreathe */ = {
			isa = PBXGroup;
			children = (
				7643F102273A638E0059CC9A /* ChillBreathe.entitlements */,
				13B07FAF1A68108700A75B9A /* AppDelegate.h */,
				13B07FB01A68108700A75B9A /* AppDelegate.m */,
				768917EC270F505F008E7A17 /* BootSplash.storyboard */,
				13B07FB51A68108700A75B9A /* Images.xcassets */,
				13B07FB61A68108700A75B9A /* Info.plist */,
				81AB9BB72411601600AC10FF /* LaunchScreen.storyboard */,
				13B07FB71A68108700A75B9A /* main.m */,
			);
			name = ChillBreathe;
			sourceTree = "<group>";
		};
		2D16E6871FA4F8E400B85C8A /* Frameworks */ = {
			isa = PBXGroup;
			children = (
				7643F105273AF4F20059CC9A /* HealthKit.framework */,
				7643F103273A638F0059CC9A /* HomeKit.framework */,
				ED297162215061F000B7C4FE /* JavaScriptCore.framework */,
				6423831EA8574132BED9D8CC /* libPods-ChillBreathe.a */,
				ABFE59519B596E51CEFDCCC0 /* libPods-ChillBreathe-ChillBreatheTests.a */,
			);
			name = Frameworks;
			sourceTree = "<group>";
		};
		496D3234E3B042D5B16FE3E1 /* Resources */ = {
			isa = PBXGroup;
			children = (
				0C1D4CF53E354A5F82CF6136 /* SF-Pro-Rounded-Bold.otf */,
				DFB7A7AE1FA747479D051F53 /* SF-Pro-Rounded-Heavy.otf */,
				3CEBFE568DCB4A75BCAED1E3 /* SF-Pro-Rounded-Medium.otf */,
				A5B11F7E16514007A9C4173A /* SF-Pro-Rounded-Regular.otf */,
				A14398A4FCCF494D8232551D /* SF-Pro-Rounded-Semibold.otf */,
				E48EF8EEB48C486FBF6FDA77 /* SFMono-Medium.otf */,
				7B360FB04CD64B2EB02540CE /* SFMono-Regular.otf */,
				2A79E54FA06044518E741E71 /* Inter-Black.ttf */,
				F1976AD869A74C91B862F09A /* Inter-Bold.ttf */,
				47C23F21F4F04684B408E394 /* Inter-ExtraBold.ttf */,
				FB54AA22E2C24A80AEDA370A /* Inter-ExtraLight.ttf */,
				992350D35D514C1195C5CE7E /* Inter-Light.ttf */,
				09E2267232F84673934B7B3C /* Inter-Medium.ttf */,
				6384A8EFFE3942D38D3E1B6B /* Inter-Regular.ttf */,
				44C51F0613924E309161CD5C /* Inter-SemiBold.ttf */,
				F06AECDCDB31474AA00EF250 /* Inter-Thin.ttf */,
				97EB98DBA61C4658B02211FF /* Inter-black.ttf */,
				E1079C2BC0414B358A932379 /* Inter-bold.ttf */,
				63FD646D71624DD0A22175ED /* Inter-extrabold.ttf */,
				2084D5B98BAC47D6A3E96135 /* Inter-extralight.ttf */,
				DB930EA71D7842F2A767396B /* Inter-light.ttf */,
				1AACDC8E036C4CB0B650AE34 /* Inter-medium.ttf */,
				7AF49EFF5FB4441EAF084D8B /* Inter-regular.ttf */,
				349E5ED8F6F14E7CA7680F61 /* Inter-semibold.ttf */,
				33FE692E93464846AE105B5A /* Inter-thin.ttf */,
				305A493786894F948A2708AF /* Poppins-Black.ttf */,
				85C477021CF440FFA37C5222 /* Poppins-BlackItalic.ttf */,
				2CEDB664EE1D43A08D0837B8 /* Poppins-Bold.ttf */,
				FDA47798C94848F799D62680 /* Poppins-BoldItalic.ttf */,
				E3557898239D46ABAF923599 /* Poppins-ExtraBold.ttf */,
				DFB5B0BFF382447C8AD7C493 /* Poppins-ExtraBoldItalic.ttf */,
				0FA8E24803604DE399FBEE72 /* Poppins-ExtraLight.ttf */,
				81C303BA0B5C45878A4DC1BF /* Poppins-ExtraLightItalic.ttf */,
				14FC8A2CEB3748288590F648 /* Poppins-Italic.ttf */,
				0EE78DC66BFB42AF95FBBA26 /* Poppins-Light.ttf */,
				F573580982C44D1198EA2768 /* Poppins-LightItalic.ttf */,
				30A15A9DD6BD43B98AD4DCDD /* Poppins-Medium.ttf */,
				F95D4390A6C3441C99570E2D /* Poppins-MediumItalic.ttf */,
				4EDA1DD3A7B14FDB9A25541B /* Poppins-Regular.ttf */,
				411528221B0F47AB936E5C52 /* Poppins-SemiBold.ttf */,
				4D9C1F238FDC4620BF2D7001 /* Poppins-SemiBoldItalic.ttf */,
				B651270CF7DE42A394D9108A /* Poppins-Thin.ttf */,
				620D5BC081194CEBAA17416D /* Poppins-ThinItalic.ttf */,
			);
			name = Resources;
			path = "";
			sourceTree = "<group>";
		};
		832341AE1AAA6A7D00B99B32 /* Libraries */ = {
			isa = PBXGroup;
			children = (
			);
			name = Libraries;
			sourceTree = "<group>";
		};
		83CBB9F61A601CBA00E9B192 = {
			isa = PBXGroup;
			children = (
				13B07FAE1A68108700A75B9A /* ChillBreathe */,
				832341AE1AAA6A7D00B99B32 /* Libraries */,
				00E356EF1AD99517003FC87E /* ChillBreatheTests */,
				83CBBA001A601CBA00E9B192 /* Products */,
				2D16E6871FA4F8E400B85C8A /* Frameworks */,
				E233CBF5F47BEE60B243DCF8 /* Pods */,
				496D3234E3B042D5B16FE3E1 /* Resources */,
			);
			indentWidth = 2;
			sourceTree = "<group>";
			tabWidth = 2;
			usesTabs = 0;
		};
		83CBBA001A601CBA00E9B192 /* Products */ = {
			isa = PBXGroup;
			children = (
				13B07F961A680F5B00A75B9A /* ChillBreathe.app */,
				00E356EE1AD99517003FC87E /* ChillBreatheTests.xctest */,
			);
			name = Products;
			sourceTree = "<group>";
		};
		E233CBF5F47BEE60B243DCF8 /* Pods */ = {
			isa = PBXGroup;
			children = (
				C0A881CF5CF3F2B244570E2A /* Pods-ChillBreathe.debug.xcconfig */,
				D00AAFFCFCFDA5787532823F /* Pods-ChillBreathe.release.xcconfig */,
				6C97AB639B58BBB4B15BBE30 /* Pods-ChillBreathe-ChillBreatheTests.debug.xcconfig */,
				1D0AE47A65C8663E3B452821 /* Pods-ChillBreathe-ChillBreatheTests.release.xcconfig */,
			);
			path = Pods;
			sourceTree = "<group>";
		};
/* End PBXGroup section */

/* Begin PBXNativeTarget section */
		00E356ED1AD99517003FC87E /* ChillBreatheTests */ = {
			isa = PBXNativeTarget;
			buildConfigurationList = 00E357021AD99517003FC87E /* Build configuration list for PBXNativeTarget "ChillBreatheTests" */;
			buildPhases = (
				A130D646172E58E1D159D8F2 /* [CP] Check Pods Manifest.lock */,
				00E356EA1AD99517003FC87E /* Sources */,
				00E356EB1AD99517003FC87E /* Frameworks */,
				00E356EC1AD99517003FC87E /* Resources */,
				077E01280D4B4AD18B2E1770 /* [CP] Embed Pods Frameworks */,
				4E62BDF20514810D028A5FBF /* [CP] Copy Pods Resources */,
			);
			buildRules = (
			);
			dependencies = (
				00E356F51AD99517003FC87E /* PBXTargetDependency */,
			);
			name = ChillBreatheTests;
			productName = ChillBreatheTests;
			productReference = 00E356EE1AD99517003FC87E /* ChillBreatheTests.xctest */;
			productType = "com.apple.product-type.bundle.unit-test";
		};
		13B07F861A680F5B00A75B9A /* ChillBreathe */ = {
			isa = PBXNativeTarget;
			buildConfigurationList = 13B07F931A680F5B00A75B9A /* Build configuration list for PBXNativeTarget "ChillBreathe" */;
			buildPhases = (
				3E482C27206C4DEF2FE45063 /* [CP] Check Pods Manifest.lock */,
				FD10A7F022414F080027D42C /* Start Packager */,
				13B07F871A680F5B00A75B9A /* Sources */,
				13B07F8C1A680F5B00A75B9A /* Frameworks */,
				13B07F8E1A680F5B00A75B9A /* Resources */,
				00DD1BFF1BD5951E006B06BC /* Bundle React Native code and images */,
				C8AC78B0264D0F9F6F6D630E /* [CP] Embed Pods Frameworks */,
				ADC9DDC32298B72B3CF5DC8E /* [CP] Copy Pods Resources */,
			);
			buildRules = (
			);
			dependencies = (
			);
			name = ChillBreathe;
			productName = ChillBreathe;
			productReference = 13B07F961A680F5B00A75B9A /* ChillBreathe.app */;
			productType = "com.apple.product-type.application";
		};
/* End PBXNativeTarget section */

/* Begin PBXProject section */
		83CBB9F71A601CBA00E9B192 /* Project object */ = {
			isa = PBXProject;
			attributes = {
				LastUpgradeCheck = 1210;
				TargetAttributes = {
					00E356ED1AD99517003FC87E = {
						CreatedOnToolsVersion = 6.2;
						TestTargetID = 13B07F861A680F5B00A75B9A;
					};
					13B07F861A680F5B00A75B9A = {
						LastSwiftMigration = 1120;
					};
				};
			};
			buildConfigurationList = 83CBB9FA1A601CBA00E9B192 /* Build configuration list for PBXProject "ChillBreathe" */;
			compatibilityVersion = "Xcode 12.0";
			developmentRegion = en;
			hasScannedForEncodings = 0;
			knownRegions = (
				en,
				Base,
			);
			mainGroup = 83CBB9F61A601CBA00E9B192;
			productRefGroup = 83CBBA001A601CBA00E9B192 /* Products */;
			projectDirPath = "";
			projectRoot = "";
			targets = (
				13B07F861A680F5B00A75B9A /* ChillBreathe */,
				00E356ED1AD99517003FC87E /* ChillBreatheTests */,
			);
		};
/* End PBXProject section */

/* Begin PBXResourcesBuildPhase section */
		00E356EC1AD99517003FC87E /* Resources */ = {
			isa = PBXResourcesBuildPhase;
			buildActionMask = 2147483647;
			files = (
			);
			runOnlyForDeploymentPostprocessing = 0;
		};
		13B07F8E1A680F5B00A75B9A /* Resources */ = {
			isa = PBXResourcesBuildPhase;
			buildActionMask = 2147483647;
			files = (
				768917ED270F5060008E7A17 /* BootSplash.storyboard in Resources */,
				81AB9BB82411601600AC10FF /* LaunchScreen.storyboard in Resources */,
				13B07FBF1A68108700A75B9A /* Images.xcassets in Resources */,
				0AB8EE89C9734449A0E850A4 /* SF-Pro-Rounded-Bold.otf in Resources */,
				54FD34E31F4847E6BE6785EE /* SF-Pro-Rounded-Heavy.otf in Resources */,
				A102755DE9FE4B8894B8C530 /* SF-Pro-Rounded-Medium.otf in Resources */,
				8E4F5321655948DF926DC13F /* SF-Pro-Rounded-Regular.otf in Resources */,
				5CECE263680849E5BA472554 /* SF-Pro-Rounded-Semibold.otf in Resources */,
				5B8DB17904684FF898A50C1B /* SFMono-Medium.otf in Resources */,
				D72F6BBB9AE8430A9DB59AD4 /* SFMono-Regular.otf in Resources */,
				DD892DAC7CFC4E849EA31EEF /* Inter-Black.ttf in Resources */,
				B64E214FD3E04C1596A23E95 /* Inter-Bold.ttf in Resources */,
				770CE1F861DE4749BF8AAB69 /* Inter-ExtraBold.ttf in Resources */,
				CF1FB777D0A1444F934D1C33 /* Inter-ExtraLight.ttf in Resources */,
				52D82A7CF0DF4E5A94FB4C45 /* Inter-Light.ttf in Resources */,
				5FE1A54C435C4CF28B8B6CFE /* Inter-Medium.ttf in Resources */,
				49292D04B9B0439DA9E5273D /* Inter-Regular.ttf in Resources */,
				5B93C094E04A43B69710AF8D /* Inter-SemiBold.ttf in Resources */,
				7BEBD76193454C1B98B46E4E /* Inter-Thin.ttf in Resources */,
				16903D7751D542C089974B4F /* Inter-black.ttf in Resources */,
				328EE554402B4FC78509D55F /* Inter-bold.ttf in Resources */,
				B0C8C992E9E44F2D9F3A5F07 /* Inter-extrabold.ttf in Resources */,
				3AAB94C04E564AF9B6951584 /* Inter-extralight.ttf in Resources */,
				BACFA7CDF58A4296834E6935 /* Inter-light.ttf in Resources */,
				92001E3F7A7D4C9CB6D2D91E /* Inter-medium.ttf in Resources */,
				31B85C44324C4D5ABD50634C /* Inter-regular.ttf in Resources */,
				B688278862C64721A548D242 /* Inter-semibold.ttf in Resources */,
				B7B8105DB00B42CE8E8DDB79 /* Inter-thin.ttf in Resources */,
				D146A29058DC45FBB338F7BD /* Poppins-Black.ttf in Resources */,
				A2C6B53BB2FD491A9927C254 /* Poppins-BlackItalic.ttf in Resources */,
				61208832E9A54FB78046FDD7 /* Poppins-Bold.ttf in Resources */,
				FE313DD892A740EBB17B4061 /* Poppins-BoldItalic.ttf in Resources */,
				F889EAD586B541788097BD01 /* Poppins-ExtraBold.ttf in Resources */,
				D9EFFAC1A69A4D5DAB0E821E /* Poppins-ExtraBoldItalic.ttf in Resources */,
				D1ED1626DE2748AD8B27B416 /* Poppins-ExtraLight.ttf in Resources */,
				E76DBD8249A54496ABD836AA /* Poppins-ExtraLightItalic.ttf in Resources */,
				06F08E9EBECF469289AD65ED /* Poppins-Italic.ttf in Resources */,
				6B74ACE896E444C98A5A460A /* Poppins-Light.ttf in Resources */,
				F80735CCD3864AD9AEAF308F /* Poppins-LightItalic.ttf in Resources */,
				52A8036A064C4B97ABD5DEE7 /* Poppins-Medium.ttf in Resources */,
				DD2FA8FE48A64C50A159837A /* Poppins-MediumItalic.ttf in Resources */,
				EC9A4B6F75E74FC483F73B10 /* Poppins-Regular.ttf in Resources */,
				627D70ACF360446B863172F6 /* Poppins-SemiBold.ttf in Resources */,
				16E5C8E496FD4F2A9F5EA26B /* Poppins-SemiBoldItalic.ttf in Resources */,
				DE8D366622FF4FF288A78AC6 /* Poppins-Thin.ttf in Resources */,
				7FDFA49FFBD54A979056CB6D /* Poppins-ThinItalic.ttf in Resources */,
			);
			runOnlyForDeploymentPostprocessing = 0;
		};
/* End PBXResourcesBuildPhase section */

/* Begin PBXShellScriptBuildPhase section */
		00DD1BFF1BD5951E006B06BC /* Bundle React Native code and images */ = {
			isa = PBXShellScriptBuildPhase;
			buildActionMask = 2147483647;
			files = (
			);
			inputPaths = (
			);
			name = "Bundle React Native code and images";
			outputPaths = (
			);
			runOnlyForDeploymentPostprocessing = 0;
			shellPath = /bin/sh;
			shellScript = "set -e\n\nexport NODE_BINARY=node\n../node_modules/react-native/scripts/react-native-xcode.sh\n";
		};
		077E01280D4B4AD18B2E1770 /* [CP] Embed Pods Frameworks */ = {
			isa = PBXShellScriptBuildPhase;
			buildActionMask = 2147483647;
			files = (
			);
			inputFileListPaths = (
				"${PODS_ROOT}/Target Support Files/Pods-ChillBreathe-ChillBreatheTests/Pods-ChillBreathe-ChillBreatheTests-frameworks-${CONFIGURATION}-input-files.xcfilelist",
			);
			name = "[CP] Embed Pods Frameworks";
			outputFileListPaths = (
				"${PODS_ROOT}/Target Support Files/Pods-ChillBreathe-ChillBreatheTests/Pods-ChillBreathe-ChillBreatheTests-frameworks-${CONFIGURATION}-output-files.xcfilelist",
			);
			runOnlyForDeploymentPostprocessing = 0;
			shellPath = /bin/sh;
			shellScript = "\"${PODS_ROOT}/Target Support Files/Pods-ChillBreathe-ChillBreatheTests/Pods-ChillBreathe-ChillBreatheTests-frameworks.sh\"\n";
			showEnvVarsInLog = 0;
		};
		3E482C27206C4DEF2FE45063 /* [CP] Check Pods Manifest.lock */ = {
			isa = PBXShellScriptBuildPhase;
			buildActionMask = 2147483647;
			files = (
			);
			inputFileListPaths = (
			);
			inputPaths = (
				"${PODS_PODFILE_DIR_PATH}/Podfile.lock",
				"${PODS_ROOT}/Manifest.lock",
			);
			name = "[CP] Check Pods Manifest.lock";
			outputFileListPaths = (
			);
			outputPaths = (
				"$(DERIVED_FILE_DIR)/Pods-ChillBreathe-checkManifestLockResult.txt",
			);
			runOnlyForDeploymentPostprocessing = 0;
			shellPath = /bin/sh;
			shellScript = "diff \"${PODS_PODFILE_DIR_PATH}/Podfile.lock\" \"${PODS_ROOT}/Manifest.lock\" > /dev/null\nif [ $? != 0 ] ; then\n    # print error to STDERR\n    echo \"error: The sandbox is not in sync with the Podfile.lock. Run 'pod install' or update your CocoaPods installation.\" >&2\n    exit 1\nfi\n# This output is used by Xcode 'outputs' to avoid re-running this script phase.\necho \"SUCCESS\" > \"${SCRIPT_OUTPUT_FILE_0}\"\n";
			showEnvVarsInLog = 0;
		};
		4E62BDF20514810D028A5FBF /* [CP] Copy Pods Resources */ = {
			isa = PBXShellScriptBuildPhase;
			buildActionMask = 2147483647;
			files = (
			);
			inputFileListPaths = (
				"${PODS_ROOT}/Target Support Files/Pods-ChillBreathe-ChillBreatheTests/Pods-ChillBreathe-ChillBreatheTests-resources-${CONFIGURATION}-input-files.xcfilelist",
			);
			name = "[CP] Copy Pods Resources";
			outputFileListPaths = (
				"${PODS_ROOT}/Target Support Files/Pods-ChillBreathe-ChillBreatheTests/Pods-ChillBreathe-ChillBreatheTests-resources-${CONFIGURATION}-output-files.xcfilelist",
			);
			runOnlyForDeploymentPostprocessing = 0;
			shellPath = /bin/sh;
			shellScript = "\"${PODS_ROOT}/Target Support Files/Pods-ChillBreathe-ChillBreatheTests/Pods-ChillBreathe-ChillBreatheTests-resources.sh\"\n";
			showEnvVarsInLog = 0;
		};
		A130D646172E58E1D159D8F2 /* [CP] Check Pods Manifest.lock */ = {
			isa = PBXShellScriptBuildPhase;
			buildActionMask = 2147483647;
			files = (
			);
			inputFileListPaths = (
			);
			inputPaths = (
				"${PODS_PODFILE_DIR_PATH}/Podfile.lock",
				"${PODS_ROOT}/Manifest.lock",
			);
			name = "[CP] Check Pods Manifest.lock";
			outputFileListPaths = (
			);
			outputPaths = (
				"$(DERIVED_FILE_DIR)/Pods-ChillBreathe-ChillBreatheTests-checkManifestLockResult.txt",
			);
			runOnlyForDeploymentPostprocessing = 0;
			shellPath = /bin/sh;
			shellScript = "diff \"${PODS_PODFILE_DIR_PATH}/Podfile.lock\" \"${PODS_ROOT}/Manifest.lock\" > /dev/null\nif [ $? != 0 ] ; then\n    # print error to STDERR\n    echo \"error: The sandbox is not in sync with the Podfile.lock. Run 'pod install' or update your CocoaPods installation.\" >&2\n    exit 1\nfi\n# This output is used by Xcode 'outputs' to avoid re-running this script phase.\necho \"SUCCESS\" > \"${SCRIPT_OUTPUT_FILE_0}\"\n";
			showEnvVarsInLog = 0;
		};
		ADC9DDC32298B72B3CF5DC8E /* [CP] Copy Pods Resources */ = {
			isa = PBXShellScriptBuildPhase;
			buildActionMask = 2147483647;
			files = (
			);
			inputFileListPaths = (
				"${PODS_ROOT}/Target Support Files/Pods-ChillBreathe/Pods-ChillBreathe-resources-${CONFIGURATION}-input-files.xcfilelist",
			);
			name = "[CP] Copy Pods Resources";
			outputFileListPaths = (
				"${PODS_ROOT}/Target Support Files/Pods-ChillBreathe/Pods-ChillBreathe-resources-${CONFIGURATION}-output-files.xcfilelist",
			);
			runOnlyForDeploymentPostprocessing = 0;
			shellPath = /bin/sh;
			shellScript = "\"${PODS_ROOT}/Target Support Files/Pods-ChillBreathe/Pods-ChillBreathe-resources.sh\"\n";
			showEnvVarsInLog = 0;
		};
		C8AC78B0264D0F9F6F6D630E /* [CP] Embed Pods Frameworks */ = {
			isa = PBXShellScriptBuildPhase;
			buildActionMask = 2147483647;
			files = (
			);
			inputFileListPaths = (
				"${PODS_ROOT}/Target Support Files/Pods-ChillBreathe/Pods-ChillBreathe-frameworks-${CONFIGURATION}-input-files.xcfilelist",
			);
			name = "[CP] Embed Pods Frameworks";
			outputFileListPaths = (
				"${PODS_ROOT}/Target Support Files/Pods-ChillBreathe/Pods-ChillBreathe-frameworks-${CONFIGURATION}-output-files.xcfilelist",
			);
			runOnlyForDeploymentPostprocessing = 0;
			shellPath = /bin/sh;
			shellScript = "\"${PODS_ROOT}/Target Support Files/Pods-ChillBreathe/Pods-ChillBreathe-frameworks.sh\"\n";
			showEnvVarsInLog = 0;
		};
		FD10A7F022414F080027D42C /* Start Packager */ = {
			isa = PBXShellScriptBuildPhase;
			buildActionMask = 2147483647;
			files = (
			);
			inputFileListPaths = (
			);
			inputPaths = (
			);
			name = "Start Packager";
			outputFileListPaths = (
			);
			outputPaths = (
			);
			runOnlyForDeploymentPostprocessing = 0;
			shellPath = /bin/sh;
			shellScript = "export RCT_METRO_PORT=\"${RCT_METRO_PORT:=8081}\"\necho \"export RCT_METRO_PORT=${RCT_METRO_PORT}\" > \"${SRCROOT}/../node_modules/react-native/scripts/.packager.env\"\nif [ -z \"${RCT_NO_LAUNCH_PACKAGER+xxx}\" ] ; then\n  if nc -w 5 -z localhost ${RCT_METRO_PORT} ; then\n    if ! curl -s \"http://localhost:${RCT_METRO_PORT}/status\" | grep -q \"packager-status:running\" ; then\n      echo \"Port ${RCT_METRO_PORT} already in use, packager is either not running or not running correctly\"\n      exit 2\n    fi\n  else\n    open \"$SRCROOT/../node_modules/react-native/scripts/launchPackager.command\" || echo \"Can't start packager automatically\"\n  fi\nfi\n";
			showEnvVarsInLog = 0;
		};
/* End PBXShellScriptBuildPhase section */

/* Begin PBXSourcesBuildPhase section */
		00E356EA1AD99517003FC87E /* Sources */ = {
			isa = PBXSourcesBuildPhase;
			buildActionMask = 2147483647;
			files = (
				00E356F31AD99517003FC87E /* ChillBreatheTests.m in Sources */,
			);
			runOnlyForDeploymentPostprocessing = 0;
		};
		13B07F871A680F5B00A75B9A /* Sources */ = {
			isa = PBXSourcesBuildPhase;
			buildActionMask = 2147483647;
			files = (
				13B07FBC1A68108700A75B9A /* AppDelegate.m in Sources */,
				13B07FC11A68108700A75B9A /* main.m in Sources */,
			);
			runOnlyForDeploymentPostprocessing = 0;
		};
/* End PBXSourcesBuildPhase section */

/* Begin PBXTargetDependency section */
		00E356F51AD99517003FC87E /* PBXTargetDependency */ = {
			isa = PBXTargetDependency;
			target = 13B07F861A680F5B00A75B9A /* ChillBreathe */;
			targetProxy = 00E356F41AD99517003FC87E /* PBXContainerItemProxy */;
		};
/* End PBXTargetDependency section */

/* Begin XCBuildConfiguration section */
		00E356F61AD99517003FC87E /* Debug */ = {
			isa = XCBuildConfiguration;
			baseConfigurationReference = 6C97AB639B58BBB4B15BBE30 /* Pods-ChillBreathe-ChillBreatheTests.debug.xcconfig */;
			buildSettings = {
				BUNDLE_LOADER = "$(TEST_HOST)";
				GCC_PREPROCESSOR_DEFINITIONS = (
					"DEBUG=1",
					"$(inherited)",
				);
				INFOPLIST_FILE = ChillBreatheTests/Info.plist;
				IPHONEOS_DEPLOYMENT_TARGET = 11.0;
				LD_RUNPATH_SEARCH_PATHS = (
					"$(inherited)",
					"@executable_path/Frameworks",
					"@loader_path/Frameworks",
				);
				OTHER_LDFLAGS = (
					"-ObjC",
					"-lc++",
					"$(inherited)",
				);
				PRODUCT_BUNDLE_IDENTIFIER = "org.reactjs.native.example.$(PRODUCT_NAME:rfc1034identifier)";
				PRODUCT_NAME = "$(TARGET_NAME)";
				TEST_HOST = "$(BUILT_PRODUCTS_DIR)/ChillBreathe.app/ChillBreathe";
			};
			name = Debug;
		};
		00E356F71AD99517003FC87E /* Release */ = {
			isa = XCBuildConfiguration;
			baseConfigurationReference = 1D0AE47A65C8663E3B452821 /* Pods-ChillBreathe-ChillBreatheTests.release.xcconfig */;
			buildSettings = {
				BUNDLE_LOADER = "$(TEST_HOST)";
				COPY_PHASE_STRIP = NO;
				INFOPLIST_FILE = ChillBreatheTests/Info.plist;
				IPHONEOS_DEPLOYMENT_TARGET = 11.0;
				LD_RUNPATH_SEARCH_PATHS = (
					"$(inherited)",
					"@executable_path/Frameworks",
					"@loader_path/Frameworks",
				);
				OTHER_LDFLAGS = (
					"-ObjC",
					"-lc++",
					"$(inherited)",
				);
				PRODUCT_BUNDLE_IDENTIFIER = "org.reactjs.native.example.$(PRODUCT_NAME:rfc1034identifier)";
				PRODUCT_NAME = "$(TARGET_NAME)";
				TEST_HOST = "$(BUILT_PRODUCTS_DIR)/ChillBreathe.app/ChillBreathe";
			};
			name = Release;
		};
		13B07F941A680F5B00A75B9A /* Debug */ = {
			isa = XCBuildConfiguration;
			baseConfigurationReference = C0A881CF5CF3F2B244570E2A /* Pods-ChillBreathe.debug.xcconfig */;
			buildSettings = {
				ASSETCATALOG_COMPILER_APPICON_NAME = AppIcon;
				CLANG_ENABLE_MODULES = YES;
				CODE_SIGN_ENTITLEMENTS = ChillBreathe/ChillBreathe.entitlements;
				CURRENT_PROJECT_VERSION = 1;
				DEVELOPMENT_TEAM = 95P8RUD7QB;
				ENABLE_BITCODE = NO;
				INFOPLIST_FILE = ChillBreathe/Info.plist;
				LD_RUNPATH_SEARCH_PATHS = (
					"$(inherited)",
					"@executable_path/Frameworks",
				);
				OTHER_LDFLAGS = (
					"$(inherited)",
					"-ObjC",
					"-lc++",
				);
				PRODUCT_BUNDLE_IDENTIFIER = "org.reactjs.native.example.$(PRODUCT_NAME:rfc1034identifier)";
				PRODUCT_NAME = ChillBreathe;
				SWIFT_OPTIMIZATION_LEVEL = "-Onone";
				SWIFT_VERSION = 5.0;
				VERSIONING_SYSTEM = "apple-generic";
			};
			name = Debug;
		};
		13B07F951A680F5B00A75B9A /* Release */ = {
			isa = XCBuildConfiguration;
			baseConfigurationReference = D00AAFFCFCFDA5787532823F /* Pods-ChillBreathe.release.xcconfig */;
			buildSettings = {
				ASSETCATALOG_COMPILER_APPICON_NAME = AppIcon;
				CLANG_ENABLE_MODULES = YES;
				CODE_SIGN_ENTITLEMENTS = ChillBreathe/ChillBreathe.entitlements;
				CURRENT_PROJECT_VERSION = 1;
				DEVELOPMENT_TEAM = 95P8RUD7QB;
				INFOPLIST_FILE = ChillBreathe/Info.plist;
				LD_RUNPATH_SEARCH_PATHS = (
					"$(inherited)",
					"@executable_path/Frameworks",
				);
				OTHER_LDFLAGS = (
					"$(inherited)",
					"-ObjC",
					"-lc++",
				);
				PRODUCT_BUNDLE_IDENTIFIER = "org.reactjs.native.example.$(PRODUCT_NAME:rfc1034identifier)";
				PRODUCT_NAME = ChillBreathe;
				SWIFT_VERSION = 5.0;
				VERSIONING_SYSTEM = "apple-generic";
			};
			name = Release;
		};
		83CBBA201A601CBA00E9B192 /* Debug */ = {
			isa = XCBuildConfiguration;
			buildSettings = {
				ALWAYS_SEARCH_USER_PATHS = NO;
				CLANG_ANALYZER_LOCALIZABILITY_NONLOCALIZED = YES;
				CLANG_CXX_LANGUAGE_STANDARD = "gnu++0x";
				CLANG_CXX_LIBRARY = "libc++";
				CLANG_ENABLE_MODULES = YES;
				CLANG_ENABLE_OBJC_ARC = YES;
				CLANG_WARN_BLOCK_CAPTURE_AUTORELEASING = YES;
				CLANG_WARN_BOOL_CONVERSION = YES;
				CLANG_WARN_COMMA = YES;
				CLANG_WARN_CONSTANT_CONVERSION = YES;
				CLANG_WARN_DEPRECATED_OBJC_IMPLEMENTATIONS = YES;
				CLANG_WARN_DIRECT_OBJC_ISA_USAGE = YES_ERROR;
				CLANG_WARN_EMPTY_BODY = YES;
				CLANG_WARN_ENUM_CONVERSION = YES;
				CLANG_WARN_INFINITE_RECURSION = YES;
				CLANG_WARN_INT_CONVERSION = YES;
				CLANG_WARN_NON_LITERAL_NULL_CONVERSION = YES;
				CLANG_WARN_OBJC_IMPLICIT_RETAIN_SELF = YES;
				CLANG_WARN_OBJC_LITERAL_CONVERSION = YES;
				CLANG_WARN_OBJC_ROOT_CLASS = YES_ERROR;
				CLANG_WARN_QUOTED_INCLUDE_IN_FRAMEWORK_HEADER = YES;
				CLANG_WARN_RANGE_LOOP_ANALYSIS = YES;
				CLANG_WARN_STRICT_PROTOTYPES = YES;
				CLANG_WARN_SUSPICIOUS_MOVE = YES;
				CLANG_WARN_UNREACHABLE_CODE = YES;
				CLANG_WARN__DUPLICATE_METHOD_MATCH = YES;
				"CODE_SIGN_IDENTITY[sdk=iphoneos*]" = "iPhone Developer";
				COPY_PHASE_STRIP = NO;
				ENABLE_STRICT_OBJC_MSGSEND = YES;
				ENABLE_TESTABILITY = YES;
				"EXCLUDED_ARCHS[sdk=iphonesimulator*]" = "arm64 ";
				GCC_C_LANGUAGE_STANDARD = gnu99;
				GCC_DYNAMIC_NO_PIC = NO;
				GCC_NO_COMMON_BLOCKS = YES;
				GCC_OPTIMIZATION_LEVEL = 0;
				GCC_PREPROCESSOR_DEFINITIONS = (
					"DEBUG=1",
					"$(inherited)",
				);
				GCC_SYMBOLS_PRIVATE_EXTERN = NO;
				GCC_WARN_64_TO_32_BIT_CONVERSION = YES;
				GCC_WARN_ABOUT_RETURN_TYPE = YES_ERROR;
				GCC_WARN_UNDECLARED_SELECTOR = YES;
				GCC_WARN_UNINITIALIZED_AUTOS = YES_AGGRESSIVE;
				GCC_WARN_UNUSED_FUNCTION = YES;
				GCC_WARN_UNUSED_VARIABLE = YES;
				IPHONEOS_DEPLOYMENT_TARGET = 11.0;
				LD_RUNPATH_SEARCH_PATHS = (
					/usr/lib/swift,
					"$(inherited)",
				);
				LIBRARY_SEARCH_PATHS = (
					"\"$(SDKROOT)/usr/lib/swift\"",
					"\"$(TOOLCHAIN_DIR)/usr/lib/swift/$(PLATFORM_NAME)\"",
					"\"$(TOOLCHAIN_DIR)/usr/lib/swift-5.0/$(PLATFORM_NAME)\"",
					"\"$(inherited)\"",
				);
				MTL_ENABLE_DEBUG_INFO = YES;
				ONLY_ACTIVE_ARCH = YES;
				SDKROOT = iphoneos;
			};
			name = Debug;
		};
		83CBBA211A601CBA00E9B192 /* Release */ = {
			isa = XCBuildConfiguration;
			buildSettings = {
				ALWAYS_SEARCH_USER_PATHS = NO;
				CLANG_ANALYZER_LOCALIZABILITY_NONLOCALIZED = YES;
				CLANG_CXX_LANGUAGE_STANDARD = "gnu++0x";
				CLANG_CXX_LIBRARY = "libc++";
				CLANG_ENABLE_MODULES = YES;
				CLANG_ENABLE_OBJC_ARC = YES;
				CLANG_WARN_BLOCK_CAPTURE_AUTORELEASING = YES;
				CLANG_WARN_BOOL_CONVERSION = YES;
				CLANG_WARN_COMMA = YES;
				CLANG_WARN_CONSTANT_CONVERSION = YES;
				CLANG_WARN_DEPRECATED_OBJC_IMPLEMENTATIONS = YES;
				CLANG_WARN_DIRECT_OBJC_ISA_USAGE = YES_ERROR;
				CLANG_WARN_EMPTY_BODY = YES;
				CLANG_WARN_ENUM_CONVERSION = YES;
				CLANG_WARN_INFINITE_RECURSION = YES;
				CLANG_WARN_INT_CONVERSION = YES;
				CLANG_WARN_NON_LITERAL_NULL_CONVERSION = YES;
				CLANG_WARN_OBJC_IMPLICIT_RETAIN_SELF = YES;
				CLANG_WARN_OBJC_LITERAL_CONVERSION = YES;
				CLANG_WARN_OBJC_ROOT_CLASS = YES_ERROR;
				CLANG_WARN_QUOTED_INCLUDE_IN_FRAMEWORK_HEADER = YES;
				CLANG_WARN_RANGE_LOOP_ANALYSIS = YES;
				CLANG_WARN_STRICT_PROTOTYPES = YES;
				CLANG_WARN_SUSPICIOUS_MOVE = YES;
				CLANG_WARN_UNREACHABLE_CODE = YES;
				CLANG_WARN__DUPLICATE_METHOD_MATCH = YES;
				"CODE_SIGN_IDENTITY[sdk=iphoneos*]" = "iPhone Developer";
				COPY_PHASE_STRIP = YES;
				ENABLE_NS_ASSERTIONS = NO;
				ENABLE_STRICT_OBJC_MSGSEND = YES;
				"EXCLUDED_ARCHS[sdk=iphonesimulator*]" = "arm64 ";
				GCC_C_LANGUAGE_STANDARD = gnu99;
				GCC_NO_COMMON_BLOCKS = YES;
				GCC_WARN_64_TO_32_BIT_CONVERSION = YES;
				GCC_WARN_ABOUT_RETURN_TYPE = YES_ERROR;
				GCC_WARN_UNDECLARED_SELECTOR = YES;
				GCC_WARN_UNINITIALIZED_AUTOS = YES_AGGRESSIVE;
				GCC_WARN_UNUSED_FUNCTION = YES;
				GCC_WARN_UNUSED_VARIABLE = YES;
				IPHONEOS_DEPLOYMENT_TARGET = 11.0;
				LD_RUNPATH_SEARCH_PATHS = (
					/usr/lib/swift,
					"$(inherited)",
				);
				LIBRARY_SEARCH_PATHS = (
					"\"$(SDKROOT)/usr/lib/swift\"",
					"\"$(TOOLCHAIN_DIR)/usr/lib/swift/$(PLATFORM_NAME)\"",
					"\"$(TOOLCHAIN_DIR)/usr/lib/swift-5.0/$(PLATFORM_NAME)\"",
					"\"$(inherited)\"",
				);
				MTL_ENABLE_DEBUG_INFO = NO;
				SDKROOT = iphoneos;
				VALIDATE_PRODUCT = YES;
			};
			name = Release;
		};
/* End XCBuildConfiguration section */

/* Begin XCConfigurationList section */
		00E357021AD99517003FC87E /* Build configuration list for PBXNativeTarget "ChillBreatheTests" */ = {
			isa = XCConfigurationList;
			buildConfigurations = (
				00E356F61AD99517003FC87E /* Debug */,
				00E356F71AD99517003FC87E /* Release */,
			);
			defaultConfigurationIsVisible = 0;
			defaultConfigurationName = Release;
		};
		13B07F931A680F5B00A75B9A /* Build configuration list for PBXNativeTarget "ChillBreathe" */ = {
			isa = XCConfigurationList;
			buildConfigurations = (
				13B07F941A680F5B00A75B9A /* Debug */,
				13B07F951A680F5B00A75B9A /* Release */,
			);
			defaultConfigurationIsVisible = 0;
			defaultConfigurationName = Release;
		};
		83CBB9FA1A601CBA00E9B192 /* Build configuration list for PBXProject "ChillBreathe" */ = {
			isa = XCConfigurationList;
			buildConfigurations = (
				83CBBA201A601CBA00E9B192 /* Debug */,
				83CBBA211A601CBA00E9B192 /* Release */,
			);
			defaultConfigurationIsVisible = 0;
			defaultConfigurationName = Release;
		};
/* End XCConfigurationList section */
	};
	rootObject = 83CBB9F71A601CBA00E9B192 /* Project object */;
}
